{
  "name": "antora-ui-camel",
  "requires": true,
  "lockfileVersion": 1,
  "dependencies": {
    "@algolia/cache-browser-local-storage": {
      "version": "4.1.0",
      "resolved": "https://registry.npmjs.org/@algolia/cache-browser-local-storage/-/cache-browser-local-storage-4.1.0.tgz",
      "integrity": "sha512-r8BOgqZXVt+JPgP19PQNzZ+lYP+MP6eZKNQqfRYofFEx+K9oyfdtGCqmoWJsBUi3nNOzhbOcg2jfP2GJzJBZ5g==",
      "requires": {
        "@algolia/cache-common": "4.1.0"
      }
    },
    "@algolia/cache-common": {
      "version": "4.1.0",
      "resolved": "https://registry.npmjs.org/@algolia/cache-common/-/cache-common-4.1.0.tgz",
      "integrity": "sha512-ZvvK40bs1BWLErchleZL4ctHT2uH56uLMnpZPCuIk+H2PKddeiIQc/z2JDu2BHr68u513XIAAoQ+C+LgKNugmw=="
    },
    "@algolia/cache-in-memory": {
      "version": "4.1.0",
      "resolved": "https://registry.npmjs.org/@algolia/cache-in-memory/-/cache-in-memory-4.1.0.tgz",
      "integrity": "sha512-2382OXYFDeoPLA5vP9KP58ad15ows24ML5/io/T1N0xsZ0eVXDkT52qgaJw/esUfEkWScZ2R8kpesUa+qEP+kw==",
      "requires": {
        "@algolia/cache-common": "4.1.0"
      }
    },
    "@algolia/client-account": {
      "version": "4.1.0",
      "resolved": "https://registry.npmjs.org/@algolia/client-account/-/client-account-4.1.0.tgz",
      "integrity": "sha512-GFINlsxAHM/GEeDBjoTx8+J1ra9SINQCuXi2C9QSLFClPKug2lzApm8niJJGXckhyZ2aDLb7drJ1qJ8bTspApw==",
      "requires": {
        "@algolia/client-common": "4.1.0",
        "@algolia/client-search": "4.1.0",
        "@algolia/transporter": "4.1.0"
      }
    },
    "@algolia/client-analytics": {
      "version": "4.1.0",
      "resolved": "https://registry.npmjs.org/@algolia/client-analytics/-/client-analytics-4.1.0.tgz",
      "integrity": "sha512-JMyZ9vXGbTJWiO66fWEu9uJ7GSYfouUyaq8W/6esADPtBbelf+Nc0NRlicOwHHJGwiJvWdvELafxrhkR1+KR8A==",
      "requires": {
        "@algolia/client-common": "4.1.0",
        "@algolia/client-search": "4.1.0",
        "@algolia/requester-common": "4.1.0",
        "@algolia/transporter": "4.1.0"
      }
    },
    "@algolia/client-common": {
      "version": "4.1.0",
      "resolved": "https://registry.npmjs.org/@algolia/client-common/-/client-common-4.1.0.tgz",
      "integrity": "sha512-fjSMKeG54vAyQAhf+uz039/birTiLun8nDuCNx4CUbzGl97M0g96Q8jpsiZa0cjSNgh0VakMzn2GnHbS55W9/Q==",
      "requires": {
        "@algolia/requester-common": "4.1.0",
        "@algolia/transporter": "4.1.0"
      }
    },
    "@algolia/client-recommendation": {
      "version": "4.1.0",
      "resolved": "https://registry.npmjs.org/@algolia/client-recommendation/-/client-recommendation-4.1.0.tgz",
      "integrity": "sha512-UEN/QgQwVtVH++yAs2uTuyZZQQ1p5Xs/7/FKT4Kh9/8NAyqDD49zuyq/giw8PRNhWc3C/9jiO7X4RKE8QrVWGw==",
      "requires": {
        "@algolia/client-common": "4.1.0",
        "@algolia/requester-common": "4.1.0",
        "@algolia/transporter": "4.1.0"
      }
    },
    "@algolia/client-search": {
      "version": "4.1.0",
      "resolved": "https://registry.npmjs.org/@algolia/client-search/-/client-search-4.1.0.tgz",
      "integrity": "sha512-bpCYMEXUdyiopEBSHHwnrRhNEwOLstIeb0Djz+/pVuTXEr3Xg3JUoAZ8xFsCVldcXaZQpbi1/T0y3ky6xUVzfw==",
      "requires": {
        "@algolia/client-common": "4.1.0",
        "@algolia/requester-common": "4.1.0",
        "@algolia/transporter": "4.1.0"
      }
    },
    "@algolia/logger-common": {
      "version": "4.1.0",
      "resolved": "https://registry.npmjs.org/@algolia/logger-common/-/logger-common-4.1.0.tgz",
      "integrity": "sha512-QrE4Srf1LB7ekLzl68bFqlTrv7Wk7+GpsaGfB4xFZ9Pfv89My9p7qTVqdLlA44hEFY3fZ9csJp1/PFVucgNB4w=="
    },
    "@algolia/logger-console": {
      "version": "4.1.0",
      "resolved": "https://registry.npmjs.org/@algolia/logger-console/-/logger-console-4.1.0.tgz",
      "integrity": "sha512-sKELkiKIrj/tPRAdhOPNI0UxhK2uiIUXnGs/3ztAif6QX7vyE3lY19sj5pIVJctRvl8LW2UlzpBFGlcCDkho9Q==",
      "requires": {
        "@algolia/logger-common": "4.1.0"
      }
    },
    "@algolia/requester-browser-xhr": {
      "version": "4.1.0",
      "resolved": "https://registry.npmjs.org/@algolia/requester-browser-xhr/-/requester-browser-xhr-4.1.0.tgz",
      "integrity": "sha512-bLMfIAkOLs1/vGA09yxU0N5+bE0fSSvEH2ySqVssfWLMP+KRAvby2Goxm8BgI9xLkOvLbhazfQ4Ov2448VvA1g==",
      "requires": {
        "@algolia/requester-common": "4.1.0"
      }
    },
    "@algolia/requester-common": {
      "version": "4.1.0",
      "resolved": "https://registry.npmjs.org/@algolia/requester-common/-/requester-common-4.1.0.tgz",
      "integrity": "sha512-Cy0ciOv5uIm6wF+uLc9DHhxgPJtYQuy1f//hwJcW5mlPX/prPgxWwLXzWyyA+Ca7uU3q+0Y3cIFvEWM5pDxMEg=="
    },
    "@algolia/requester-node-http": {
      "version": "4.1.0",
      "resolved": "https://registry.npmjs.org/@algolia/requester-node-http/-/requester-node-http-4.1.0.tgz",
      "integrity": "sha512-tXp6Pjx9dFgM5ccW6YfEN6v2Zqq8uGwhS1pyq03/aRYRBK60LptjG5jo++vrOytrQDOnIjcZtQzBQch2GjCVmw==",
      "requires": {
        "@algolia/requester-common": "4.1.0"
      }
    },
    "@algolia/transporter": {
      "version": "4.1.0",
      "resolved": "https://registry.npmjs.org/@algolia/transporter/-/transporter-4.1.0.tgz",
      "integrity": "sha512-Z7PjHazSC+KFLDuCFOjvRNgLfh7XOE4tXi0a9O3gBRup4Sk3VQCfTw4ygCF3rRx6uYbq192efLu0nL1E9azxLA==",
      "requires": {
        "@algolia/cache-common": "4.1.0",
        "@algolia/logger-common": "4.1.0",
        "@algolia/requester-common": "4.1.0"
      }
    },
    "algoliasearch": {
      "version": "4.1.0",
      "resolved": "https://registry.npmjs.org/algoliasearch/-/algoliasearch-4.1.0.tgz",
      "integrity": "sha512-0lzjvqQZkJYPuv7LyQauMIMCFFzJWfUf3m9KuHjmFubwbnTDa87KCMXKouMJ0kWXXt6nTLNt0+2YRREOWx2PHw==",
      "requires": {
        "@algolia/cache-browser-local-storage": "4.1.0",
        "@algolia/cache-common": "4.1.0",
        "@algolia/cache-in-memory": "4.1.0",
        "@algolia/client-account": "4.1.0",
        "@algolia/client-analytics": "4.1.0",
        "@algolia/client-common": "4.1.0",
        "@algolia/client-recommendation": "4.1.0",
        "@algolia/client-search": "4.1.0",
        "@algolia/logger-common": "4.1.0",
        "@algolia/logger-console": "4.1.0",
        "@algolia/requester-browser-xhr": "4.1.0",
        "@algolia/requester-common": "4.1.0",
        "@algolia/requester-node-http": "4.1.0",
        "@algolia/transporter": "4.1.0"
      }
    }
  }
}
