{
  "version": "1.0.0-SNAPSHOT",
  "lockfileVersion": 1,
  "requires": true,
  "dependencies": {
    "@algolia/cache-browser-local-storage": {
      "version": "4.1.0",
      "resolved": "https://registry.npmjs.org/@algolia/cache-browser-local-storage/-/cache-browser-local-storage-4.1.0.tgz",
      "integrity": "sha512-r8BOgqZXVt+JPgP19PQNzZ+lYP+MP6eZKNQqfRYofFEx+K9oyfdtGCqmoWJsBUi3nNOzhbOcg2jfP2GJzJBZ5g==",
      "requires": {
        "@algolia/cache-common": "4.1.0"
      }
    },
    "@algolia/cache-common": {
      "version": "4.1.0",
      "resolved": "https://registry.npmjs.org/@algolia/cache-common/-/cache-common-4.1.0.tgz",
      "integrity": "sha512-ZvvK40bs1BWLErchleZL4ctHT2uH56uLMnpZPCuIk+H2PKddeiIQc/z2JDu2BHr68u513XIAAoQ+C+LgKNugmw=="
    },
    "@algolia/cache-in-memory": {
      "version": "4.1.0",
      "resolved": "https://registry.npmjs.org/@algolia/cache-in-memory/-/cache-in-memory-4.1.0.tgz",
      "integrity": "sha512-2382OXYFDeoPLA5vP9KP58ad15ows24ML5/io/T1N0xsZ0eVXDkT52qgaJw/esUfEkWScZ2R8kpesUa+qEP+kw==",
      "requires": {
        "@algolia/cache-common": "4.1.0"
      }
    },
    "@algolia/client-account": {
      "version": "4.1.0",
      "resolved": "https://registry.npmjs.org/@algolia/client-account/-/client-account-4.1.0.tgz",
      "integrity": "sha512-GFINlsxAHM/GEeDBjoTx8+J1ra9SINQCuXi2C9QSLFClPKug2lzApm8niJJGXckhyZ2aDLb7drJ1qJ8bTspApw==",
      "requires": {
        "@algolia/client-common": "4.1.0",
        "@algolia/client-search": "4.1.0",
        "@algolia/transporter": "4.1.0"
      }
    },
    "@algolia/client-analytics": {
      "version": "4.1.0",
      "resolved": "https://registry.npmjs.org/@algolia/client-analytics/-/client-analytics-4.1.0.tgz",
      "integrity": "sha512-JMyZ9vXGbTJWiO66fWEu9uJ7GSYfouUyaq8W/6esADPtBbelf+Nc0NRlicOwHHJGwiJvWdvELafxrhkR1+KR8A==",
      "requires": {
        "@algolia/client-common": "4.1.0",
        "@algolia/client-search": "4.1.0",
        "@algolia/requester-common": "4.1.0",
        "@algolia/transporter": "4.1.0"
      }
    },
    "@algolia/client-common": {
      "version": "4.1.0",
      "resolved": "https://registry.npmjs.org/@algolia/client-common/-/client-common-4.1.0.tgz",
      "integrity": "sha512-fjSMKeG54vAyQAhf+uz039/birTiLun8nDuCNx4CUbzGl97M0g96Q8jpsiZa0cjSNgh0VakMzn2GnHbS55W9/Q==",
      "requires": {
        "@algolia/requester-common": "4.1.0",
        "@algolia/transporter": "4.1.0"
      }
    },
    "@algolia/client-recommendation": {
      "version": "4.1.0",
      "resolved": "https://registry.npmjs.org/@algolia/client-recommendation/-/client-recommendation-4.1.0.tgz",
      "integrity": "sha512-UEN/QgQwVtVH++yAs2uTuyZZQQ1p5Xs/7/FKT4Kh9/8NAyqDD49zuyq/giw8PRNhWc3C/9jiO7X4RKE8QrVWGw==",
      "requires": {
        "@algolia/client-common": "4.1.0",
        "@algolia/requester-common": "4.1.0",
        "@algolia/transporter": "4.1.0"
      }
    },
    "@algolia/client-search": {
      "version": "4.1.0",
      "resolved": "https://registry.npmjs.org/@algolia/client-search/-/client-search-4.1.0.tgz",
      "integrity": "sha512-bpCYMEXUdyiopEBSHHwnrRhNEwOLstIeb0Djz+/pVuTXEr3Xg3JUoAZ8xFsCVldcXaZQpbi1/T0y3ky6xUVzfw==",
      "requires": {
        "@algolia/client-common": "4.1.0",
        "@algolia/requester-common": "4.1.0",
        "@algolia/transporter": "4.1.0"
      }
    },
    "@algolia/logger-common": {
      "version": "4.1.0",
      "resolved": "https://registry.npmjs.org/@algolia/logger-common/-/logger-common-4.1.0.tgz",
      "integrity": "sha512-QrE4Srf1LB7ekLzl68bFqlTrv7Wk7+GpsaGfB4xFZ9Pfv89My9p7qTVqdLlA44hEFY3fZ9csJp1/PFVucgNB4w=="
    },
    "@algolia/logger-console": {
      "version": "4.1.0",
      "resolved": "https://registry.npmjs.org/@algolia/logger-console/-/logger-console-4.1.0.tgz",
      "integrity": "sha512-sKELkiKIrj/tPRAdhOPNI0UxhK2uiIUXnGs/3ztAif6QX7vyE3lY19sj5pIVJctRvl8LW2UlzpBFGlcCDkho9Q==",
      "requires": {
        "@algolia/logger-common": "4.1.0"
      }
    },
    "@algolia/requester-browser-xhr": {
      "version": "4.1.0",
      "resolved": "https://registry.npmjs.org/@algolia/requester-browser-xhr/-/requester-browser-xhr-4.1.0.tgz",
      "integrity": "sha512-bLMfIAkOLs1/vGA09yxU0N5+bE0fSSvEH2ySqVssfWLMP+KRAvby2Goxm8BgI9xLkOvLbhazfQ4Ov2448VvA1g==",
      "requires": {
        "@algolia/requester-common": "4.1.0"
      }
    },
    "@algolia/requester-common": {
      "version": "4.1.0",
      "resolved": "https://registry.npmjs.org/@algolia/requester-common/-/requester-common-4.1.0.tgz",
      "integrity": "sha512-Cy0ciOv5uIm6wF+uLc9DHhxgPJtYQuy1f//hwJcW5mlPX/prPgxWwLXzWyyA+Ca7uU3q+0Y3cIFvEWM5pDxMEg=="
    },
    "@algolia/requester-node-http": {
      "version": "4.1.0",
      "resolved": "https://registry.npmjs.org/@algolia/requester-node-http/-/requester-node-http-4.1.0.tgz",
      "integrity": "sha512-tXp6Pjx9dFgM5ccW6YfEN6v2Zqq8uGwhS1pyq03/aRYRBK60LptjG5jo++vrOytrQDOnIjcZtQzBQch2GjCVmw==",
      "requires": {
        "@algolia/requester-common": "4.1.0"
      }
    },
    "@algolia/transporter": {
      "version": "4.1.0",
      "resolved": "https://registry.npmjs.org/@algolia/transporter/-/transporter-4.1.0.tgz",
      "integrity": "sha512-Z7PjHazSC+KFLDuCFOjvRNgLfh7XOE4tXi0a9O3gBRup4Sk3VQCfTw4ygCF3rRx6uYbq192efLu0nL1E9azxLA==",
      "requires": {
        "@algolia/cache-common": "4.1.0",
        "@algolia/logger-common": "4.1.0",
        "@algolia/requester-common": "4.1.0"
      }
    },
    "@babel/runtime": {
      "version": "7.8.7",
      "resolved": "https://registry.npmjs.org/@babel/runtime/-/runtime-7.8.7.tgz",
      "integrity": "sha512-+AATMUFppJDw6aiR5NVPHqIQBlV/Pj8wY/EZH+lmvRdUo9xBaz/rF3alAwFJQavvKfeOlPE7oaaDHVbcySbCsg==",
      "requires": {
        "regenerator-runtime": "0.13.5"
      }
    },
    "algoliasearch": {
      "version": "4.1.0",
      "resolved": "https://registry.npmjs.org/algoliasearch/-/algoliasearch-4.1.0.tgz",
      "integrity": "sha512-0lzjvqQZkJYPuv7LyQauMIMCFFzJWfUf3m9KuHjmFubwbnTDa87KCMXKouMJ0kWXXt6nTLNt0+2YRREOWx2PHw==",
      "requires": {
        "@algolia/cache-browser-local-storage": "4.1.0",
        "@algolia/cache-common": "4.1.0",
        "@algolia/cache-in-memory": "4.1.0",
        "@algolia/client-account": "4.1.0",
        "@algolia/client-analytics": "4.1.0",
        "@algolia/client-common": "4.1.0",
        "@algolia/client-recommendation": "4.1.0",
        "@algolia/client-search": "4.1.0",
        "@algolia/logger-common": "4.1.0",
        "@algolia/logger-console": "4.1.0",
        "@algolia/requester-browser-xhr": "4.1.0",
        "@algolia/requester-common": "4.1.0",
        "@algolia/requester-node-http": "4.1.0",
        "@algolia/transporter": "4.1.0"
      }
    },
    "balanced-match": {
      "version": "1.0.0",
      "resolved": "https://registry.npmjs.org/balanced-match/-/balanced-match-1.0.0.tgz",
      "integrity": "sha1-ibTRmasr7kneFk6gK4nORi1xt2c="
    },
    "big-integer": {
      "version": "1.6.48",
      "resolved": "https://registry.npmjs.org/big-integer/-/big-integer-1.6.48.tgz",
      "integrity": "sha512-j51egjPa7/i+RdiRuJbPdJ2FIUYYPhvYLjzoYbcMMm62ooO6F94fETG4MTs46zPAF9Brs04OajboA/qTGuz78w=="
    },
    "binary": {
      "version": "0.3.0",
      "resolved": "https://registry.npmjs.org/binary/-/binary-0.3.0.tgz",
      "integrity": "sha1-n2BVO8XOjDOG87VTz/R0Yq3sqnk=",
      "requires": {
        "buffers": "0.1.1",
        "chainsaw": "0.1.0"
      }
    },
    "bluebird": {
      "version": "3.4.7",
      "resolved": "https://registry.npmjs.org/bluebird/-/bluebird-3.4.7.tgz",
      "integrity": "sha1-9y12C+Cbf3bQjtj66Ysomo0F+rM="
    },
    "brace-expansion": {
      "version": "1.1.11",
      "resolved": "https://registry.npmjs.org/brace-expansion/-/brace-expansion-1.1.11.tgz",
      "integrity": "sha512-iCuPHDFgrHX7H2vEI/5xpz07zSHB00TpugqhmYtVmMO6518mCuRMoOYFldEBl0g187ufozdaHgWKcYFb61qGiA==",
      "requires": {
        "balanced-match": "1.0.0",
        "concat-map": "0.0.1"
      }
    },
    "buffer-indexof-polyfill": {
      "version": "1.0.1",
      "resolved": "https://registry.npmjs.org/buffer-indexof-polyfill/-/buffer-indexof-polyfill-1.0.1.tgz",
      "integrity": "sha1-qfuAbOgUXVQoUQznLyeLs2OmOL8="
    },
    "buffers": {
      "version": "0.1.1",
      "resolved": "https://registry.npmjs.org/buffers/-/buffers-0.1.1.tgz",
      "integrity": "sha1-skV5w77U1tOWru5tmorn9Ugqt7s="
    },
    "chainsaw": {
      "version": "0.1.0",
      "resolved": "https://registry.npmjs.org/chainsaw/-/chainsaw-0.1.0.tgz",
      "integrity": "sha1-XqtQsor+WAdNDVgpE4iCi15fvJg=",
      "requires": {
        "traverse": "0.3.9"
      }
    },
    "commander": {
      "version": "2.20.3",
      "resolved": "https://registry.npmjs.org/commander/-/commander-2.20.3.tgz",
      "integrity": "sha512-GpVkmM8vF2vQUkj2LvZmD35JxeJOLCwJ9cUkugyk2nuhbv3+mJvpLYYt+0+USMxE+oj+ey/lJEnhZw75x/OMcQ==",
      "optional": true
    },
    "concat-map": {
      "version": "0.0.1",
      "resolved": "https://registry.npmjs.org/concat-map/-/concat-map-0.0.1.tgz",
      "integrity": "sha1-2Klr13/Wjfd5OnMDajug1UBdR3s="
    },
    "core-util-is": {
      "version": "1.0.2",
      "resolved": "https://registry.npmjs.org/core-util-is/-/core-util-is-1.0.2.tgz",
      "integrity": "sha1-tf1UIgqivFq1eqtxQMlAdUUDwac="
    },
    "duplexer2": {
      "version": "0.1.4",
      "resolved": "https://registry.npmjs.org/duplexer2/-/duplexer2-0.1.4.tgz",
      "integrity": "sha1-ixLauHjA1p4+eJEFFmKjL8a93ME=",
      "requires": {
        "readable-stream": "2.3.7"
      }
    },
    "fs.realpath": {
      "version": "1.0.0",
      "resolved": "https://registry.npmjs.org/fs.realpath/-/fs.realpath-1.0.0.tgz",
      "integrity": "sha1-FQStJSMVjKpA20onh8sBQRmU6k8="
    },
    "fstream": {
      "version": "1.0.12",
      "resolved": "https://registry.npmjs.org/fstream/-/fstream-1.0.12.tgz",
      "integrity": "sha512-WvJ193OHa0GHPEL+AycEJgxvBEwyfRkN1vhjca23OaPVMCaLCXTd5qAu82AjTcgP1UJmytkOKb63Ypde7raDIg==",
      "requires": {
        "graceful-fs": "4.2.3",
        "inherits": "2.0.4",
        "mkdirp": "0.5.1",
        "rimraf": "2.7.1"
      }
    },
    "glob": {
      "version": "7.1.6",
      "resolved": "https://registry.npmjs.org/glob/-/glob-7.1.6.tgz",
      "integrity": "sha512-LwaxwyZ72Lk7vZINtNNrywX0ZuLyStrdDtabefZKAY5ZGJhVtgdznluResxNmPitE0SAO+O26sWTHeKSI2wMBA==",
      "requires": {
        "fs.realpath": "1.0.0",
        "inflight": "1.0.6",
        "inherits": "2.0.4",
        "minimatch": "3.0.4",
        "once": "1.4.0",
        "path-is-absolute": "1.0.1"
      }
    },
    "graceful-fs": {
      "version": "4.2.3",
      "resolved": "https://registry.npmjs.org/graceful-fs/-/graceful-fs-4.2.3.tgz",
      "integrity": "sha512-a30VEBm4PEdx1dRB7MFK7BejejvCvBronbLjht+sHuGYj8PHs7M/5Z+rt5lw551vZ7yfTCj4Vuyy3mSJytDWRQ=="
    },
    "handlebars": {
      "version": "4.1.2",
      "resolved": "https://registry.npmjs.org/handlebars/-/handlebars-4.1.2.tgz",
      "integrity": "sha512-nvfrjqvt9xQ8Z/w0ijewdD/vvWDTOweBUm96NTr66Wfvo1mJenBLwcYmPs3TIBP5ruzYGD7Hx/DaM9RmhroGPw==",
      "requires": {
        "neo-async": "2.6.1",
        "optimist": "0.6.1",
        "source-map": "0.6.1",
        "uglify-js": "3.8.0"
      }
    },
    "inflight": {
      "version": "1.0.6",
      "resolved": "https://registry.npmjs.org/inflight/-/inflight-1.0.6.tgz",
      "integrity": "sha1-Sb1jMdfQLQwJvJEKEHW6gWW1bfk=",
      "requires": {
        "once": "1.4.0",
        "wrappy": "1.0.2"
      }
    },
    "inherits": {
      "version": "2.0.4",
      "resolved": "https://registry.npmjs.org/inherits/-/inherits-2.0.4.tgz",
      "integrity": "sha512-k/vGaX4/Yla3WzyMCvTQOXYeIHvqOKtnqBduzTHpzpQZzAskKMhZ2K+EnBiSM9zGSoIFeMpXKxa4dYeZIQqewQ=="
    },
    "isarray": {
      "version": "1.0.0",
      "resolved": "https://registry.npmjs.org/isarray/-/isarray-1.0.0.tgz",
      "integrity": "sha1-u5NdSFgsuhaMBoNJV6VKPgcSTxE="
    },
    "listenercount": {
      "version": "1.0.1",
      "resolved": "https://registry.npmjs.org/listenercount/-/listenercount-1.0.1.tgz",
      "integrity": "sha1-hMinKrWcRyUyFIDJdeZQg0LnCTc="
    },
    "minimatch": {
      "version": "3.0.4",
      "resolved": "https://registry.npmjs.org/minimatch/-/minimatch-3.0.4.tgz",
      "integrity": "sha512-yJHVQEhyqPLUTgt9B83PXu6W3rx4MvvHvSUvToogpwoGDOUQ+yDrR0HRot+yOCdCO7u4hX3pWft6kWBBcqh0UA==",
      "requires": {
        "brace-expansion": "1.1.11"
      }
    },
    "minimist": {
      "version": "0.0.10",
      "resolved": "https://registry.npmjs.org/minimist/-/minimist-0.0.10.tgz",
      "integrity": "sha1-3j+YVD2/lggr5IrRoMfNqDYwHc8="
    },
    "mkdirp": {
      "version": "0.5.1",
      "resolved": "https://registry.npmjs.org/mkdirp/-/mkdirp-0.5.1.tgz",
      "integrity": "sha1-MAV0OOrGz3+MR2fzhkjWaX11yQM=",
      "requires": {
        "minimist": "0.0.8"
      },
      "dependencies": {
        "minimist": {
          "version": "0.0.8",
          "resolved": "https://registry.npmjs.org/minimist/-/minimist-0.0.8.tgz",
          "integrity": "sha1-hX/Kv8M5fSYluCKCYuhqp6ARsF0="
        }
      }
    },
    "neo-async": {
      "version": "2.6.1",
      "resolved": "https://registry.npmjs.org/neo-async/-/neo-async-2.6.1.tgz",
      "integrity": "sha512-iyam8fBuCUpWeKPGpaNMetEocMt364qkCsfL9JuhjXX6dRnguRVOfk2GZaDpPjcOKiiXCPINZC1GczQ7iTq3Zw=="
    },
    "once": {
      "version": "1.4.0",
      "resolved": "https://registry.npmjs.org/once/-/once-1.4.0.tgz",
      "integrity": "sha1-WDsap3WWHUsROsF9nFC6753Xa9E=",
      "requires": {
        "wrappy": "1.0.2"
      }
    },
    "optimist": {
      "version": "0.6.1",
      "resolved": "https://registry.npmjs.org/optimist/-/optimist-0.6.1.tgz",
      "integrity": "sha1-2j6nRob6IaGaERwybpDrFaAZZoY=",
      "requires": {
        "minimist": "0.0.10",
        "wordwrap": "0.0.3"
      }
    },
    "path-is-absolute": {
      "version": "1.0.1",
      "resolved": "https://registry.npmjs.org/path-is-absolute/-/path-is-absolute-1.0.1.tgz",
      "integrity": "sha1-F0uSaHNVNP+8es5r9TpanhtcX18="
    },
    "process-nextick-args": {
      "version": "2.0.1",
      "resolved": "https://registry.npmjs.org/process-nextick-args/-/process-nextick-args-2.0.1.tgz",
      "integrity": "sha512-3ouUOpQhtgrbOa17J7+uxOTpITYWaGP7/AhoR3+A+/1e9skrzelGi/dXzEYyvbxubEF6Wn2ypscTKiKJFFn1ag=="
    },
    "readable-stream": {
      "version": "2.3.7",
      "resolved": "https://registry.npmjs.org/readable-stream/-/readable-stream-2.3.7.tgz",
      "integrity": "sha512-Ebho8K4jIbHAxnuxi7o42OrZgF/ZTNcsZj6nRKyUmkhLFq8CHItp/fy6hQZuZmP/n3yZ9VBUbp4zz/mX8hmYPw==",
      "requires": {
        "core-util-is": "1.0.2",
        "inherits": "2.0.4",
        "isarray": "1.0.0",
        "process-nextick-args": "2.0.1",
        "safe-buffer": "5.1.2",
        "string_decoder": "1.1.1",
        "util-deprecate": "1.0.2"
      }
    },
    "regenerator-runtime": {
      "version": "0.13.5",
      "resolved": "https://registry.npmjs.org/regenerator-runtime/-/regenerator-runtime-0.13.5.tgz",
      "integrity": "sha512-ZS5w8CpKFinUzOwW3c83oPeVXoNsrLsaCoLtJvAClH135j/R77RuymhiSErhm2lKcwSCIpmvIWSbDkIfAqKQlA=="
    },
    "rimraf": {
      "version": "2.7.1",
      "resolved": "https://registry.npmjs.org/rimraf/-/rimraf-2.7.1.tgz",
      "integrity": "sha512-uWjbaKIK3T1OSVptzX7Nl6PvQ3qAGtKEtVRjRuazjfL3Bx5eI409VZSqgND+4UNnmzLVdPj9FqFJNPqBZFve4w==",
      "requires": {
        "glob": "7.1.6"
      }
    },
    "safe-buffer": {
      "version": "5.1.2",
      "resolved": "https://registry.npmjs.org/safe-buffer/-/safe-buffer-5.1.2.tgz",
      "integrity": "sha512-Gd2UZBJDkXlY7GbJxfsE8/nvKkUEU1G38c1siN6QP6a9PT9MmHB8GnpscSmMJSoF8LOIrt8ud/wPtojys4G6+g=="
    },
    "setimmediate": {
      "version": "1.0.5",
      "resolved": "https://registry.npmjs.org/setimmediate/-/setimmediate-1.0.5.tgz",
      "integrity": "sha1-KQy7Iy4waULX1+qbg3Mqt4VvgoU="
    },
    "source-map": {
      "version": "0.6.1",
      "resolved": "https://registry.npmjs.org/source-map/-/source-map-0.6.1.tgz",
      "integrity": "sha512-UjgapumWlbMhkBgzT7Ykc5YXUT46F0iKu8SGXq0bcwP5dz/h0Plj6enJqjz1Zbq2l5WaqYnrVbwWOWMyF3F47g=="
    },
    "string_decoder": {
      "version": "1.1.1",
      "resolved": "https://registry.npmjs.org/string_decoder/-/string_decoder-1.1.1.tgz",
      "integrity": "sha512-n/ShnvDi6FHbbVfviro+WojiFzv+s8MPMHBczVePfUpDJLwoLT0ht1l4YwBCbi8pJAveEEdnkHyPyTP/mzRfwg==",
      "requires": {
        "safe-buffer": "5.1.2"
      }
    },
    "toml": {
      "version": "3.0.0",
      "resolved": "https://registry.npmjs.org/toml/-/toml-3.0.0.tgz",
      "integrity": "sha512-y/mWCZinnvxjTKYhJ+pYxwD0mRLVvOtdS2Awbgxln6iEnt4rk0yBxeSBHkGJcPucRiG0e55mwWp+g/05rsrd6w=="
    },
    "traverse": {
      "version": "0.3.9",
      "resolved": "https://registry.npmjs.org/traverse/-/traverse-0.3.9.tgz",
      "integrity": "sha1-cXuPIgzAu3tE5AUUwisui7xw2Lk="
    },
    "uglify-js": {
      "version": "3.8.0",
      "resolved": "https://registry.npmjs.org/uglify-js/-/uglify-js-3.8.0.tgz",
      "integrity": "sha512-ugNSTT8ierCsDHso2jkBHXYrU8Y5/fY2ZUprfrJUiD7YpuFvV4jODLFmb3h4btQjqr5Nh4TX4XtgDfCU1WdioQ==",
      "optional": true,
      "requires": {
        "commander": "2.20.3",
        "source-map": "0.6.1"
      }
    },
    "unzipper": {
      "version": "0.10.10",
      "resolved": "https://registry.npmjs.org/unzipper/-/unzipper-0.10.10.tgz",
      "integrity": "sha512-wEgtqtrnJ/9zIBsQb8UIxOhAH1eTHfi7D/xvmrUoMEePeI6u24nq1wigazbIFtHt6ANYXdEVTvc8XYNlTurs7A==",
      "requires": {
        "big-integer": "1.6.48",
        "binary": "0.3.0",
        "bluebird": "3.4.7",
        "buffer-indexof-polyfill": "1.0.1",
        "duplexer2": "0.1.4",
        "fstream": "1.0.12",
        "graceful-fs": "4.2.3",
        "listenercount": "1.0.1",
        "readable-stream": "2.3.7",
        "setimmediate": "1.0.5"
      }
    },
    "util-deprecate": {
      "version": "1.0.2",
      "resolved": "https://registry.npmjs.org/util-deprecate/-/util-deprecate-1.0.2.tgz",
      "integrity": "sha1-RQ1Nyfpw3nMnYvvS1KKJgUGaDM8="
    },
    "wordwrap": {
      "version": "0.0.3",
      "resolved": "https://registry.npmjs.org/wordwrap/-/wordwrap-0.0.3.tgz",
      "integrity": "sha1-o9XabNXAvAAI03I0u68b7WMFkQc="
    },
    "wrappy": {
      "version": "1.0.2",
      "resolved": "https://registry.npmjs.org/wrappy/-/wrappy-1.0.2.tgz",
      "integrity": "sha1-tSQ9jz7BqjXxNkYFvA0QNuMKtp8="
    },
    "yaml": {
      "version": "1.6.0",
      "resolved": "https://registry.npmjs.org/yaml/-/yaml-1.6.0.tgz",
      "integrity": "sha512-iZfse3lwrJRoSlfs/9KQ9iIXxs9++RvBFVzAqbbBiFT+giYtyanevreF9r61ZTbGMgWQBxAua3FzJiniiJXWWw==",
      "requires": {
        "@babel/runtime": "7.8.7"
      }
    }
  }
}
